
Microsoft Visual Studio Solution File, Format Version 12.00
Project("{FAE04EC0-301F-11D3-BF4B-00C04F79EFBC}") = "CMS.Web", "CMS.Web\CMS.Web.csproj", "{1A58A8CC-26B8-4277-A037-1DDA2E20A707}"
EndProject
Project("{2150E333-8FDC-42A3-9474-1A3956D46DE8}") = "service", "service", "{551EB182-A688-4614-B36C-E5EDD586FEC9}"
EndProject
Project("{2150E333-8FDC-42A3-9474-1A3956D46DE8}") = "foundation", "foundation", "{5D736C9D-DEE5-4F53-BE61-D20027B55DBB}"
EndProject
Project("{FAE04EC0-301F-11D3-BF4B-00C04F79EFBC}") = "CMS.Foundation", "CMS.Foundation\CMS.Foundation.csproj", "{AE66CA16-F79A-404D-8B0B-D0DA7C395A2F}"
EndProject
Project("{FAE04EC0-301F-11D3-BF4B-00C04F79EFBC}") = "CMS.Helper", "CMS.Helper\CMS.Helper.csproj", "{69CA3056-3C01-40D7-92EE-1BA5062333C9}"
EndProject
Project("{FAE04EC0-301F-11D3-BF4B-00C04F79EFBC}") = "CMS.Extension", "CMS.Extension\CMS.Extension.csproj", "{B8685C8A-C6FC-407C-AC5C-C0E0BDC7FD96}"
EndProject
Project("{FAE04EC0-301F-11D3-BF4B-00C04F79EFBC}") = "CMS.Enums", "CMS.Enums\CMS.Enums.csproj", "{8C4ECE93-E453-4D81-BC08-A5805E64DDB2}"
EndProject
Project("{FAE04EC0-301F-11D3-BF4B-00C04F79EFBC}") = "CMS.React", "CMS.React\CMS.React.csproj", "{0E753E76-57C0-446B-B848-E4438B7C4941}"
EndProject
Project("{FAE04EC0-301F-11D3-BF4B-00C04F79EFBC}") = "CMS.TagHelpers", "CMS.TagHelpers\CMS.TagHelpers.csproj", "{C946D33A-067A-4ACB-BCA1-D12F38A78DEE}"
EndProject
Project("{FAE04EC0-301F-11D3-BF4B-00C04F79EFBC}") = "CMS.Modules.Content", "CMS.Modules.Content\CMS.Modules.Content.csproj", "{57B06090-33BA-4B02-9126-A47092325226}"
EndProject
Project("{FAE04EC0-301F-11D3-BF4B-00C04F79EFBC}") = "CMS.Modules.Content.Abstractions", "CMS.Modules.Content.Abstractions\CMS.Modules.Content.Abstractions.csproj", "{69CBB261-5908-4669-A1C9-517320B9470A}"
EndProject
Project("{FAE04EC0-301F-11D3-BF4B-00C04F79EFBC}") = "CMS.Modules.Account", "CMS.Modules.Account\CMS.Modules.Account.csproj", "{F67D7645-22A3-4860-B98D-B0112C4F549E}"
EndProject
Project("{FAE04EC0-301F-11D3-BF4B-00C04F79EFBC}") = "CMS.Modules.Account.Abstractions", "CMS.Modules.Account.Abstractions\CMS.Modules.Account.Abstractions.csproj", "{3829819D-B095-4C6B-9DBC-F56C5F714BEE}"
EndProject
Project("{FAE04EC0-301F-11D3-BF4B-00C04F79EFBC}") = "CMS.Modules.Utils", "CMS.Modules.Utils\CMS.Modules.Utils.csproj", "{AB5247EA-473F-4747-9788-D3E8C6BA4202}"
EndProject
Project("{FAE04EC0-301F-11D3-BF4B-00C04F79EFBC}") = "CMS.Modules.Utils.Abstractions", "CMS.Modules.Utils.Abstractions\CMS.Modules.Utils.Abstractions.csproj", "{D7F41079-329E-404D-AD6E-2C4D102183D0}"
EndProject
Global
	GlobalSection(SolutionConfigurationPlatforms) = preSolution
		Debug|Any CPU = Debug|Any CPU
		Release|Any CPU = Release|Any CPU
	EndGlobalSection
	GlobalSection(ProjectConfigurationPlatforms) = postSolution
		{1A58A8CC-26B8-4277-A037-1DDA2E20A707}.Debug|Any CPU.ActiveCfg = Debug|Any CPU
		{1A58A8CC-26B8-4277-A037-1DDA2E20A707}.Debug|Any CPU.Build.0 = Debug|Any CPU
		{1A58A8CC-26B8-4277-A037-1DDA2E20A707}.Release|Any CPU.ActiveCfg = Release|Any CPU
		{1A58A8CC-26B8-4277-A037-1DDA2E20A707}.Release|Any CPU.Build.0 = Release|Any CPU
		{AE66CA16-F79A-404D-8B0B-D0DA7C395A2F}.Debug|Any CPU.ActiveCfg = Debug|Any CPU
		{AE66CA16-F79A-404D-8B0B-D0DA7C395A2F}.Debug|Any CPU.Build.0 = Debug|Any CPU
		{AE66CA16-F79A-404D-8B0B-D0DA7C395A2F}.Release|Any CPU.ActiveCfg = Release|Any CPU
		{AE66CA16-F79A-404D-8B0B-D0DA7C395A2F}.Release|Any CPU.Build.0 = Release|Any CPU
		{69CA3056-3C01-40D7-92EE-1BA5062333C9}.Debug|Any CPU.ActiveCfg = Debug|Any CPU
		{69CA3056-3C01-40D7-92EE-1BA5062333C9}.Debug|Any CPU.Build.0 = Debug|Any CPU
		{69CA3056-3C01-40D7-92EE-1BA5062333C9}.Release|Any CPU.ActiveCfg = Release|Any CPU
		{69CA3056-3C01-40D7-92EE-1BA5062333C9}.Release|Any CPU.Build.0 = Release|Any CPU
		{B8685C8A-C6FC-407C-AC5C-C0E0BDC7FD96}.Debug|Any CPU.ActiveCfg = Debug|Any CPU
		{B8685C8A-C6FC-407C-AC5C-C0E0BDC7FD96}.Debug|Any CPU.Build.0 = Debug|Any CPU
		{B8685C8A-C6FC-407C-AC5C-C0E0BDC7FD96}.Release|Any CPU.ActiveCfg = Release|Any CPU
		{B8685C8A-C6FC-407C-AC5C-C0E0BDC7FD96}.Release|Any CPU.Build.0 = Release|Any CPU
		{8C4ECE93-E453-4D81-BC08-A5805E64DDB2}.Debug|Any CPU.ActiveCfg = Debug|Any CPU
		{8C4ECE93-E453-4D81-BC08-A5805E64DDB2}.Debug|Any CPU.Build.0 = Debug|Any CPU
		{8C4ECE93-E453-4D81-BC08-A5805E64DDB2}.Release|Any CPU.ActiveCfg = Release|Any CPU
		{8C4ECE93-E453-4D81-BC08-A5805E64DDB2}.Release|Any CPU.Build.0 = Release|Any CPU
		{0E753E76-57C0-446B-B848-E4438B7C4941}.Debug|Any CPU.ActiveCfg = Debug|Any CPU
		{0E753E76-57C0-446B-B848-E4438B7C4941}.Debug|Any CPU.Build.0 = Debug|Any CPU
		{0E753E76-57C0-446B-B848-E4438B7C4941}.Release|Any CPU.ActiveCfg = Release|Any CPU
		{0E753E76-57C0-446B-B848-E4438B7C4941}.Release|Any CPU.Build.0 = Release|Any CPU
		{C946D33A-067A-4ACB-BCA1-D12F38A78DEE}.Debug|Any CPU.ActiveCfg = Debug|Any CPU
		{C946D33A-067A-4ACB-BCA1-D12F38A78DEE}.Debug|Any CPU.Build.0 = Debug|Any CPU
		{C946D33A-067A-4ACB-BCA1-D12F38A78DEE}.Release|Any CPU.ActiveCfg = Release|Any CPU
		{C946D33A-067A-4ACB-BCA1-D12F38A78DEE}.Release|Any CPU.Build.0 = Release|Any CPU
		{57B06090-33BA-4B02-9126-A47092325226}.Debug|Any CPU.ActiveCfg = Debug|Any CPU
		{57B06090-33BA-4B02-9126-A47092325226}.Debug|Any CPU.Build.0 = Debug|Any CPU
		{57B06090-33BA-4B02-9126-A47092325226}.Release|Any CPU.ActiveCfg = Release|Any CPU
		{57B06090-33BA-4B02-9126-A47092325226}.Release|Any CPU.Build.0 = Release|Any CPU
		{69CBB261-5908-4669-A1C9-517320B9470A}.Debug|Any CPU.ActiveCfg = Debug|Any CPU
		{69CBB261-5908-4669-A1C9-517320B9470A}.Debug|Any CPU.Build.0 = Debug|Any CPU
		{69CBB261-5908-4669-A1C9-517320B9470A}.Release|Any CPU.ActiveCfg = Release|Any CPU
		{69CBB261-5908-4669-A1C9-517320B9470A}.Release|Any CPU.Build.0 = Release|Any CPU
		{F67D7645-22A3-4860-B98D-B0112C4F549E}.Debug|Any CPU.ActiveCfg = Debug|Any CPU
		{F67D7645-22A3-4860-B98D-B0112C4F549E}.Debug|Any CPU.Build.0 = Debug|Any CPU
		{F67D7645-22A3-4860-B98D-B0112C4F549E}.Release|Any CPU.ActiveCfg = Release|Any CPU
		{F67D7645-22A3-4860-B98D-B0112C4F549E}.Release|Any CPU.Build.0 = Release|Any CPU
		{3829819D-B095-4C6B-9DBC-F56C5F714BEE}.Debug|Any CPU.ActiveCfg = Debug|Any CPU
		{3829819D-B095-4C6B-9DBC-F56C5F714BEE}.Debug|Any CPU.Build.0 = Debug|Any CPU
		{3829819D-B095-4C6B-9DBC-F56C5F714BEE}.Release|Any CPU.ActiveCfg = Release|Any CPU
		{3829819D-B095-4C6B-9DBC-F56C5F714BEE}.Release|Any CPU.Build.0 = Release|Any CPU
		{AB5247EA-473F-4747-9788-D3E8C6BA4202}.Debug|Any CPU.ActiveCfg = Debug|Any CPU
		{AB5247EA-473F-4747-9788-D3E8C6BA4202}.Debug|Any CPU.Build.0 = Debug|Any CPU
		{AB5247EA-473F-4747-9788-D3E8C6BA4202}.Release|Any CPU.ActiveCfg = Release|Any CPU
		{AB5247EA-473F-4747-9788-D3E8C6BA4202}.Release|Any CPU.Build.0 = Release|Any CPU
		{D7F41079-329E-404D-AD6E-2C4D102183D0}.Debug|Any CPU.ActiveCfg = Debug|Any CPU
		{D7F41079-329E-404D-AD6E-2C4D102183D0}.Debug|Any CPU.Build.0 = Debug|Any CPU
		{D7F41079-329E-404D-AD6E-2C4D102183D0}.Release|Any CPU.ActiveCfg = Release|Any CPU
		{D7F41079-329E-404D-AD6E-2C4D102183D0}.Release|Any CPU.Build.0 = Release|Any CPU
	EndGlobalSection
	GlobalSection(NestedProjects) = preSolution
		{AE66CA16-F79A-404D-8B0B-D0DA7C395A2F} = {5D736C9D-DEE5-4F53-BE61-D20027B55DBB}
		{69CA3056-3C01-40D7-92EE-1BA5062333C9} = {5D736C9D-DEE5-4F53-BE61-D20027B55DBB}
		{B8685C8A-C6FC-407C-AC5C-C0E0BDC7FD96} = {5D736C9D-DEE5-4F53-BE61-D20027B55DBB}
		{8C4ECE93-E453-4D81-BC08-A5805E64DDB2} = {5D736C9D-DEE5-4F53-BE61-D20027B55DBB}
		{0E753E76-57C0-446B-B848-E4438B7C4941} = {5D736C9D-DEE5-4F53-BE61-D20027B55DBB}
		{C946D33A-067A-4ACB-BCA1-D12F38A78DEE} = {5D736C9D-DEE5-4F53-BE61-D20027B55DBB}
		{57B06090-33BA-4B02-9126-A47092325226} = {551EB182-A688-4614-B36C-E5EDD586FEC9}
		{69CBB261-5908-4669-A1C9-517320B9470A} = {551EB182-A688-4614-B36C-E5EDD586FEC9}
		{F67D7645-22A3-4860-B98D-B0112C4F549E} = {551EB182-A688-4614-B36C-E5EDD586FEC9}
		{3829819D-B095-4C6B-9DBC-F56C5F714BEE} = {551EB182-A688-4614-B36C-E5EDD586FEC9}
		{AB5247EA-473F-4747-9788-D3E8C6BA4202} = {551EB182-A688-4614-B36C-E5EDD586FEC9}
		{D7F41079-329E-404D-AD6E-2C4D102183D0} = {551EB182-A688-4614-B36C-E5EDD586FEC9}
	EndGlobalSection
EndGlobal
